// !$*UTF8*$!
{
	archiveVersion = 1;
	classes = {
	};
	objectVersion = 46;
	objects = {

/* Begin PBXBuildFile section */
		A1588B831BA2C07C00BC35DC /* ScreenHangulClockView.h in Headers */ = {isa = PBXBuildFile; fileRef = A1588B821BA2C07C00BC35DC /* ScreenHangulClockView.h */; };
		A1588B851BA2C07C00BC35DC /* ScreenHangulClockView.m in Sources */ = {isa = PBXBuildFile; fileRef = A1588B841BA2C07C00BC35DC /* ScreenHangulClockView.m */; };
/* End PBXBuildFile section */

/* Begin PBXFileReference section */
		A1588B7D1BA2C07C00BC35DC /* ScreenHangulClock.saver */ = {isa = PBXFileReference; explicitFileType = wrapper.cfbundle; includeInIndex = 0; path = ScreenHangulClock.saver; sourceTree = BUILT_PRODUCTS_DIR; };
		A1588B811BA2C07C00BC35DC /* Info.plist */ = {isa = PBXFileReference; lastKnownFileType = text.plist.xml; path = Info.plist; sourceTree = "<group>"; };
		A1588B821BA2C07C00BC35DC /* ScreenHangulClockView.h */ = {isa = PBXFileReference; lastKnownFileType = sourcecode.c.h; path = ScreenHangulClockView.h; sourceTree = "<group>"; };
		A1588B841BA2C07C00BC35DC /* ScreenHangulClockView.m */ = {isa = PBXFileReference; lastKnownFileType = sourcecode.c.objc; path = ScreenHangulClockView.m; sourceTree = "<group>"; };
/* End PBXFileReference section */

/* Begin PBXFrameworksBuildPhase section */
		A1588B791BA2C07C00BC35DC /* Frameworks */ = {
			isa = PBXFrameworksBuildPhase;
			buildActionMask = 2147483647;
			files = (
			);
			runOnlyForDeploymentPostprocessing = 0;
		};
/* End PBXFrameworksBuildPhase section */

/* Begin PBXGroup section */
		A1588B731BA2C07C00BC35DC = {
			isa = PBXGroup;
			children = (
				A1588B7F1BA2C07C00BC35DC /* ScreenHangulClock */,
				A1588B7E1BA2C07C00BC35DC /* Products */,
			);
			sourceTree = "<group>";
		};
		A1588B7E1BA2C07C00BC35DC /* Products */ = {
			isa = PBXGroup;
			children = (
				A1588B7D1BA2C07C00BC35DC /* ScreenHangulClock.saver */,
			);
			name = Products;
			sourceTree = "<group>";
		};
		A1588B7F1BA2C07C00BC35DC /* ScreenHangulClock */ = {
			isa = PBXGroup;
			children = (
				A1588B821BA2C07C00BC35DC /* ScreenHangulClockView.h */,
				A1588B841BA2C07C00BC35DC /* ScreenHangulClockView.m */,
				A1588B801BA2C07C00BC35DC /* Supporting Files */,
			);
			path = ScreenHangulClock;
			sourceTree = "<group>";
		};
		A1588B801BA2C07C00BC35DC /* Supporting Files */ = {
			isa = PBXGroup;
			children = (
				A1588B811BA2C07C00BC35DC /* Info.plist */,
			);
			name = "Supporting Files";
			sourceTree = "<group>";
		};
/* End PBXGroup section */

/* Begin PBXHeadersBuildPhase section */
		A1588B7A1BA2C07C00BC35DC /* Headers */ = {
			isa = PBXHeadersBuildPhase;
			buildActionMask = 2147483647;
			files = (
				A1588B831BA2C07C00BC35DC /* ScreenHangulClockView.h in Headers */,
			);
			runOnlyForDeploymentPostprocessing = 0;
		};
/* End PBXHeadersBuildPhase section */

/* Begin PBXNativeTarget section */
		A1588B7C1BA2C07C00BC35DC /* ScreenHangulClock */ = {
			isa = PBXNativeTarget;
			buildConfigurationList = A1588B881BA2C07C00BC35DC /* Build configuration list for PBXNativeTarget "ScreenHangulClock" */;
			buildPhases = (
				A1588B781BA2C07C00BC35DC /* Sources */,
				A1588B791BA2C07C00BC35DC /* Frameworks */,
				A1588B7A1BA2C07C00BC35DC /* Headers */,
				A1588B7B1BA2C07C00BC35DC /* Resources */,
			);
			buildRules = (
			);
			dependencies = (
			);
			name = ScreenHangulClock;
			productName = ScreenHangulClock;
			productReference = A1588B7D1BA2C07C00BC35DC /* ScreenHangulClock.saver */;
			productType = "com.apple.product-type.bundle";
		};
/* End PBXNativeTarget section */

/* Begin PBXProject section */
		A1588B741BA2C07C00BC35DC /* Project object */ = {
			isa = PBXProject;
			attributes = {
				LastUpgradeCheck = 0920;
				ORGANIZATIONNAME = visu4l;
				TargetAttributes = {
					A1588B7C1BA2C07C00BC35DC = {
						CreatedOnToolsVersion = 6.4;
					};
				};
			};
			buildConfigurationList = A1588B771BA2C07C00BC35DC /* Build configuration list for PBXProject "ScreenHangulClock" */;
			compatibilityVersion = "Xcode 3.2";
			developmentRegion = English;
			hasScannedForEncodings = 0;
			knownRegions = (
				en,
			);
			mainGroup = A1588B731BA2C07C00BC35DC;
			productRefGroup = A1588B7E1BA2C07C00BC35DC /* Products */;
			projectDirPath = "";
			projectRoot = "";
			targets = (
				A1588B7C1BA2C07C00BC35DC /* ScreenHangulClock */,
			);
		};
/* End PBXProject section */

/* Begin PBXResourcesBuildPhase section */
		A1588B7B1BA2C07C00BC35DC /* Resources */ = {
			isa = PBXResourcesBuildPhase;
			buildActionMask = 2147483647;
			files = (
			);
			runOnlyForDeploymentPostprocessing = 0;
		};
/* End PBXResourcesBuildPhase section */

/* Begin PBXSourcesBuildPhase section */
		A1588B781BA2C07C00BC35DC /* Sources */ = {
			isa = PBXSourcesBuildPhase;
			buildActionMask = 2147483647;
			files = (
				A1588B851BA2C07C00BC35DC /* ScreenHangulClockView.m in Sources */,
			);
			runOnlyForDeploymentPostprocessing = 0;
		};
/* End PBXSourcesBuildPhase section */

/* Begin XCBuildConfiguration section */
		A1588B861BA2C07C00BC35DC /* Debug */ = {
			isa = XCBuildConfiguration;
			buildSettings = {
				ALWAYS_SEARCH_USER_PATHS = NO;
				CLANG_CXX_LANGUAGE_STANDARD = "gnu++0x";
				CLANG_CXX_LIBRARY = "libc++";
				CLANG_ENABLE_MODULES = YES;
				CLANG_ENABLE_OBJC_ARC = YES;
				CLANG_WARN_BLOCK_CAPTURE_AUTORELEASING = YES;
				CLANG_WARN_BOOL_CONVERSION = YES;
				CLANG_WARN_COMMA = YES;
				CLANG_WARN_CONSTANT_CONVERSION = YES;
				CLANG_WARN_DIRECT_OBJC_ISA_USAGE = YES_ERROR;
				CLANG_WARN_EMPTY_BODY = YES;
				CLANG_WARN_ENUM_CONVERSION = YES;
				CLANG_WARN_INFINITE_RECURSION = YES;
				CLANG_WARN_INT_CONVERSION = YES;
				CLANG_WARN_NON_LITERAL_NULL_CONVERSION = YES;
				CLANG_WARN_OBJC_LITERAL_CONVERSION = YES;
				CLANG_WARN_OBJC_ROOT_CLASS = YES_ERROR;
				CLANG_WARN_RANGE_LOOP_ANALYSIS = YES;
				CLANG_WARN_STRICT_PROTOTYPES = YES;
				CLANG_WARN_SUSPICIOUS_MOVE = YES;
				CLANG_WARN_UNREACHABLE_CODE = YES;
				CLANG_WARN__DUPLICATE_METHOD_MATCH = YES;
				COPY_PHASE_STRIP = NO;
				DEBUG_INFORMATION_FORMAT = dwarf;
				ENABLE_STRICT_OBJC_MSGSEND = YES;
				ENABLE_TESTABILITY = YES;
				GCC_C_LANGUAGE_STANDARD = gnu99;
				GCC_DYNAMIC_NO_PIC = NO;
				GCC_NO_COMMON_BLOCKS = YES;
				GCC_OPTIMIZATION_LEVEL = 0;
				GCC_PREPROCESSOR_DEFINITIONS = (
					"DEBUG=1",
					"$(inherited)",
				);
				GCC_SYMBOLS_PRIVATE_EXTERN = NO;
				GCC_WARN_64_TO_32_BIT_CONVERSION = YES;
				GCC_WARN_ABOUT_RETURN_TYPE = YES_ERROR;
				GCC_WARN_UNDECLARED_SELECTOR = YES;
				GCC_WARN_UNINITIALIZED_AUTOS = YES_AGGRESSIVE;
				GCC_WARN_UNUSED_FUNCTION = YES;
				GCC_WARN_UNUSED_VARIABLE = YES;
				MACOSX_DEPLOYMENT_TARGET = 10.10;
				MTL_ENABLE_DEBUG_INFO = YES;
				ONLY_ACTIVE_ARCH = YES;
				SDKROOT = macosx;
			};
			name = Debug;
		};
		A1588B871BA2C07C00BC35DC /* Release */ = {
			isa = XCBuildConfiguration;
			buildSettings = {
				ALWAYS_SEARCH_USER_PATHS = NO;
				CLANG_CXX_LANGUAGE_STANDARD = "gnu++0x";
				CLANG_CXX_LIBRARY = "libc++";
				CLANG_ENABLE_MODULES = YES;
				CLANG_ENABLE_OBJC_ARC = YES;
				CLANG_WARN_BLOCK_CAPTURE_AUTORELEASING = YES;
				CLANG_WARN_BOOL_CONVERSION = YES;
				CLANG_WARN_COMMA = YES;
				CLANG_WARN_CONSTANT_CONVERSION = YES;
				CLANG_WARN_DIRECT_OBJC_ISA_USAGE = YES_ERROR;
				CLANG_WARN_EMPTY_BODY = YES;
				CLANG_WARN_ENUM_CONVERSION = YES;
				CLANG_WARN_INFINITE_RECURSION = YES;
				CLANG_WARN_INT_CONVERSION = YES;
				CLANG_WARN_NON_LITERAL_NULL_CONVERSION = YES;
				CLANG_WARN_OBJC_LITERAL_CONVERSION = YES;
				CLANG_WARN_OBJC_ROOT_CLASS = YES_ERROR;
				CLANG_WARN_RANGE_LOOP_ANALYSIS = YES;
				CLANG_WARN_STRICT_PROTOTYPES = YES;
				CLANG_WARN_SUSPICIOUS_MOVE = YES;
				CLANG_WARN_UNREACHABLE_CODE = YES;
				CLANG_WARN__DUPLICATE_METHOD_MATCH = YES;
				COPY_PHASE_STRIP = NO;
				DEBUG_INFORMATION_FORMAT = "dwarf-with-dsym";
				ENABLE_NS_ASSERTIONS = NO;
				ENABLE_STRICT_OBJC_MSGSEND = YES;
				GCC_C_LANGUAGE_STANDARD = gnu99;
				GCC_NO_COMMON_BLOCKS = YES;
				GCC_WARN_64_TO_32_BIT_CONVERSION = YES;
				GCC_WARN_ABOUT_RETURN_TYPE = YES_ERROR;
				GCC_WARN_UNDECLARED_SELECTOR = YES;
				GCC_WARN_UNINITIALIZED_AUTOS = YES_AGGRESSIVE;
				GCC_WARN_UNUSED_FUNCTION = YES;
				GCC_WARN_UNUSED_VARIABLE = YES;
				MACOSX_DEPLOYMENT_TARGET = 10.10;
				MTL_ENABLE_DEBUG_INFO = NO;
				SDKROOT = macosx;
			};
			name = Release;
		};
		A1588B891BA2C07C00BC35DC /* Debug */ = {
			isa = XCBuildConfiguration;
			buildSettings = {
				COMBINE_HIDPI_IMAGES = YES;
				INFOPLIST_FILE = ScreenHangulClock/Info.plist;
				INSTALL_PATH = "$(HOME)/Library/Screen Savers";
				MACOSX_DEPLOYMENT_TARGET = 10.10;
				PRODUCT_BUNDLE_IDENTIFIER = "com.visu4l.$(PRODUCT_NAME:rfc1034identifier)";
				PRODUCT_NAME = "$(TARGET_NAME)";
				WRAPPER_EXTENSION = saver;
			};
			name = Debug;
		};
		A1588B8A1BA2C07C00BC35DC /* Release */ = {
			isa = XCBuildConfiguration;
			buildSettings = {
				COMBINE_HIDPI_IMAGES = YES;
				INFOPLIST_FILE = ScreenHangulClock/Info.plist;
				INSTALL_PATH = "$(HOME)/Library/Screen Savers";
				MACOSX_DEPLOYMENT_TARGET = 10.10;
				PRODUCT_BUNDLE_IDENTIFIER = "com.visu4l.$(PRODUCT_NAME:rfc1034identifier)";
				PRODUCT_NAME = "$(TARGET_NAME)";
				WRAPPER_EXTENSION = saver;
			};
			name = Release;
		};
/* End XCBuildConfiguration section */

/* Begin XCConfigurationList section */
		A1588B771BA2C07C00BC35DC /* Build configuration list for PBXProject "ScreenHangulClock" */ = {
			isa = XCConfigurationList;
			buildConfigurations = (
				A1588B861BA2C07C00BC35DC /* Debug */,
				A1588B871BA2C07C00BC35DC /* Release */,
			);
			defaultConfigurationIsVisible = 0;
			defaultConfigurationName = Release;
		};
		A1588B881BA2C07C00BC35DC /* Build configuration list for PBXNativeTarget "ScreenHangulClock" */ = {
			isa = XCConfigurationList;
			buildConfigurations = (
				A1588B891BA2C07C00BC35DC /* Debug */,
				A1588B8A1BA2C07C00BC35DC /* Release */,
			);
			defaultConfigurationIsVisible = 0;
			defaultConfigurationName = Release;
		};
/* End XCConfigurationList section */
	};
	rootObject = A1588B741BA2C07C00BC35DC /* Project object */;
}
